
Microsoft Visual Studio Solution File, Format Version 12.00
# Visual Studio Version 17
VisualStudioVersion = 17.11.35303.130
MinimumVisualStudioVersion = 10.0.40219.1
Project("{FAE04EC0-301F-11D3-BF4B-00C04F79EFBC}") = "RemoteSystem", "RemoteSystem\RemoteSystem.csproj", "{A9CE6D2A-E649-4AED-83C2-8AD3DC6286C1}"
EndProject
Project("{FAE04EC0-301F-11D3-BF4B-00C04F79EFBC}") = "RemoteSystemWpf", "RemoteSystemWpf\RemoteSystemWpf.csproj", "{6BA61488-C6F7-4582-AD75-20BBB437D0B9}"
EndProject
Global
	GlobalSection(SolutionConfigurationPlatforms) = preSolution
		Debug|Any CPU = Debug|Any CPU
		Release|Any CPU = Release|Any CPU
	EndGlobalSection
	GlobalSection(ProjectConfigurationPlatforms) = postSolution
		{A9CE6D2A-E649-4AED-83C2-8AD3DC6286C1}.Debug|Any CPU.ActiveCfg = Debug|Any CPU
		{A9CE6D2A-E649-4AED-83C2-8AD3DC6286C1}.Debug|Any CPU.Build.0 = Debug|Any CPU
		{A9CE6D2A-E649-4AED-83C2-8AD3DC6286C1}.Release|Any CPU.ActiveCfg = Release|Any CPU
		{A9CE6D2A-E649-4AED-83C2-8AD3DC6286C1}.Release|Any CPU.Build.0 = Release|Any CPU
		{6BA61488-C6F7-4582-AD75-20BBB437D0B9}.Debug|Any CPU.ActiveCfg = Debug|Any CPU
		{6BA61488-C6F7-4582-AD75-20BBB437D0B9}.Debug|Any CPU.Build.0 = Debug|Any CPU
		{6BA61488-C6F7-4582-AD75-20BBB437D0B9}.Release|Any CPU.ActiveCfg = Release|Any CPU
		{6BA61488-C6F7-4582-AD75-20BBB437D0B9}.Release|Any CPU.Build.0 = Release|Any CPU
	EndGlobalSection
	GlobalSection(SolutionProperties) = preSolution
		HideSolutionNode = FALSE
	EndGlobalSection
	GlobalSection(ExtensibilityGlobals) = postSolution
		SolutionGuid = {F0D008FB-3D10-4BE2-8E42-4ED5B1A8BBEC}
	EndGlobalSection
EndGlobal
